
Microsoft Visual Studio Solution File, Format Version 12.00
# Visual Studio Version 16
VisualStudioVersion = 16.0.30611.23
MinimumVisualStudioVersion = 10.0.40219.1
Project("{FAE04EC0-301F-11D3-BF4B-00C04F79EFBC}") = "Lab2", "CIS484Solution1\Lab2.csproj", "{90F8BF15-D030-4EA0-8514-166231A99132}"
EndProject
Project("{2150E333-8FDC-42A3-9474-1A3956D46DE8}") = "Solution Items", "Solution Items", "{AD2F5559-C305-49CB-9F33-39CCE434B9B5}"
	ProjectSection(SolutionItems) = preProject
		CIS484Solution1\AccessCode.cs = CIS484Solution1\AccessCode.cs
	EndProjectSection
EndProject
Global
	GlobalSection(SolutionConfigurationPlatforms) = preSolution
		Debug|Any CPU = Debug|Any CPU
		Release|Any CPU = Release|Any CPU
	EndGlobalSection
	GlobalSection(ProjectConfigurationPlatforms) = postSolution
		{90F8BF15-D030-4EA0-8514-166231A99132}.Debug|Any CPU.ActiveCfg = Debug|Any CPU
		{90F8BF15-D030-4EA0-8514-166231A99132}.Debug|Any CPU.Build.0 = Debug|Any CPU
		{90F8BF15-D030-4EA0-8514-166231A99132}.Release|Any CPU.ActiveCfg = Release|Any CPU
		{90F8BF15-D030-4EA0-8514-166231A99132}.Release|Any CPU.Build.0 = Release|Any CPU
	EndGlobalSection
	GlobalSection(SolutionProperties) = preSolution
		HideSolutionNode = FALSE
	EndGlobalSection
	GlobalSection(ExtensibilityGlobals) = postSolution
		SolutionGuid = {89885A1F-81CD-4A62-9AB3-8A90A07B2A6B}
	EndGlobalSection
EndGlobal
